# THIS IS AN AUTOGENERATED FILE. DO NOT EDIT THIS FILE DIRECTLY.
# yarn lockfile v1


"@kleros/dispute-resolver-interface-contract@^8.0.0":
  version "8.0.0"
  resolved "https://registry.yarnpkg.com/@kleros/dispute-resolver-interface-contract/-/dispute-resolver-interface-contract-8.0.0.tgz#89156030bd098d1588b8c80943276eeb130d53b1"
  integrity sha512-595kIpb1riFy8cyx0Kf27kqSyCRph+dUK2MdLJ7sG81UdlcJV+dCdImI4V36AYV/A7z24h2sHz9aMeNPHdXMhw==
  dependencies:
    "@kleros/erc-792" "8.0.0"

"@kleros/erc-792@8.0.0", "@kleros/erc-792@^8.0.0":
  version "8.0.0"
  resolved "https://registry.yarnpkg.com/@kleros/erc-792/-/erc-792-8.0.0.tgz#d6dfe689e073181dd03a79199b4d3fc8f7fdc219"
  integrity sha512-tl3HnOGbUIRRGIxenb3QJ/eduLTf+I1WY9YmyBrUvRCpgQva/xDDGovvj2n95XP/QjPfYXrkkXTW/vNgT3++Pg==

"@openzeppelin/contracts@^4.7.3":
  version "4.7.3"
  resolved "https://registry.yarnpkg.com/@openzeppelin/contracts/-/contracts-4.7.3.tgz#939534757a81f8d69cc854c7692805684ff3111e"
  integrity sha512-dGRS0agJzu8ybo44pCIf3xBaPQN/65AIXNgK8+4gzKd5kbvlqyxryUYVLJv7fK98Seyd2hDZzVEHSWAh0Bt1Yw==
